
Microsoft Visual Studio Solution File, Format Version 12.00
# Visual Studio Version 17
VisualStudioVersion = 17.10.35201.131
MinimumVisualStudioVersion = 10.0.40219.1
Project("{FAE04EC0-301F-11D3-BF4B-00C04F79EFBC}") = "RegistrationFormUILayer", "RegistrationFormUILayer\RegistrationFormUILayer.csproj", "{CE11AFB6-1DAE-4E1E-BBF5-C9C2037D1C2D}"
EndProject
Project("{FAE04EC0-301F-11D3-BF4B-00C04F79EFBC}") = "RegistrationFormBusinessLayer", "RegistrationFormBusinessLayer\RegistrationFormBusinessLayer.csproj", "{DC4F9A71-E60F-47F9-A652-1B4CCC477B4D}"
EndProject
Project("{FAE04EC0-301F-11D3-BF4B-00C04F79EFBC}") = "RegistrationFormDataAccessLayer", "RegistrationFormDataAccessLayer\RegistrationFormDataAccessLayer.csproj", "{C664A7C7-AEBD-47F3-A8C2-DE71DE421F01}"
EndProject
Global
	GlobalSection(SolutionConfigurationPlatforms) = preSolution
		Debug|Any CPU = Debug|Any CPU
		Release|Any CPU = Release|Any CPU
	EndGlobalSection
	GlobalSection(ProjectConfigurationPlatforms) = postSolution
		{CE11AFB6-1DAE-4E1E-BBF5-C9C2037D1C2D}.Debug|Any CPU.ActiveCfg = Debug|Any CPU
		{CE11AFB6-1DAE-4E1E-BBF5-C9C2037D1C2D}.Debug|Any CPU.Build.0 = Debug|Any CPU
		{CE11AFB6-1DAE-4E1E-BBF5-C9C2037D1C2D}.Release|Any CPU.ActiveCfg = Release|Any CPU
		{CE11AFB6-1DAE-4E1E-BBF5-C9C2037D1C2D}.Release|Any CPU.Build.0 = Release|Any CPU
		{DC4F9A71-E60F-47F9-A652-1B4CCC477B4D}.Debug|Any CPU.ActiveCfg = Debug|Any CPU
		{DC4F9A71-E60F-47F9-A652-1B4CCC477B4D}.Debug|Any CPU.Build.0 = Debug|Any CPU
		{DC4F9A71-E60F-47F9-A652-1B4CCC477B4D}.Release|Any CPU.ActiveCfg = Release|Any CPU
		{DC4F9A71-E60F-47F9-A652-1B4CCC477B4D}.Release|Any CPU.Build.0 = Release|Any CPU
		{C664A7C7-AEBD-47F3-A8C2-DE71DE421F01}.Debug|Any CPU.ActiveCfg = Debug|Any CPU
		{C664A7C7-AEBD-47F3-A8C2-DE71DE421F01}.Debug|Any CPU.Build.0 = Debug|Any CPU
		{C664A7C7-AEBD-47F3-A8C2-DE71DE421F01}.Release|Any CPU.ActiveCfg = Release|Any CPU
		{C664A7C7-AEBD-47F3-A8C2-DE71DE421F01}.Release|Any CPU.Build.0 = Release|Any CPU
	EndGlobalSection
	GlobalSection(SolutionProperties) = preSolution
		HideSolutionNode = FALSE
	EndGlobalSection
	GlobalSection(ExtensibilityGlobals) = postSolution
		SolutionGuid = {EFB27E9B-ED29-45F7-B830-6F86B7A1C15C}
	EndGlobalSection
EndGlobal
